Microsoft Visual Studio Solution File, Format Version 12.00
# Visual Studio Version 17
VisualStudioVersion = 17.5.2.0
MinimumVisualStudioVersion = 10.0.40219.1
Project("{FAE04EC0-301F-11D3-BF4B-00C04F79EFBC}") = "MvcAdoDemo", "MvcAdoDemo.csproj", "{435A5299-7C11-199F-4F15-99B192904ECB}"
EndProject
Global
	GlobalSection(SolutionConfigurationPlatforms) = preSolution
		Debug|Any CPU = Debug|Any CPU
		Release|Any CPU = Release|Any CPU
	EndGlobalSection
	GlobalSection(ProjectConfigurationPlatforms) = postSolution
		{435A5299-7C11-199F-4F15-99B192904ECB}.Debug|Any CPU.ActiveCfg = Debug|Any CPU
		{435A5299-7C11-199F-4F15-99B192904ECB}.Debug|Any CPU.Build.0 = Debug|Any CPU
		{435A5299-7C11-199F-4F15-99B192904ECB}.Release|Any CPU.ActiveCfg = Release|Any CPU
		{435A5299-7C11-199F-4F15-99B192904ECB}.Release|Any CPU.Build.0 = Release|Any CPU
	EndGlobalSection
	GlobalSection(SolutionProperties) = preSolution
		HideSolutionNode = FALSE
	EndGlobalSection
	GlobalSection(ExtensibilityGlobals) = postSolution
		SolutionGuid = {F1AEA945-1CDA-4BCE-814C-FD33A586412B}
	EndGlobalSection
EndGlobal
